
Microsoft Visual Studio Solution File, Format Version 12.00
# Visual Studio 15
VisualStudioVersion = 15.0.28307.421
MinimumVisualStudioVersion = 10.0.40219.1
Project("{8BC9CEB8-8B4A-11D0-8D11-00A0C91BC942}") = "vorbis", "thirdparty\vorbis-1.3.7\vorbis.vcxproj", "{554C1615-6CD3-3678-8439-27F9963CC56F}"
	ProjectSection(ProjectDependencies) = postProject
		{C8BC3784-D513-3C6B-B3DE-C809F8E36324} = {C8BC3784-D513-3C6B-B3DE-C809F8E36324}
	EndProjectSection
EndProject
Project("{2150E333-8FDC-42A3-9474-1A3956D46DE8}") = "0_thirdparty", "0_thirdparty", "{38CB6FDE-3EBA-4762-AD3B-F1EABCC82FAC}"
EndProject
Project("{8BC9CEB8-8B4A-11D0-8D11-00A0C91BC942}") = "libogg", "thirdparty\ogg-1.3.5\libogg.vcxproj", "{C8BC3784-D513-3C6B-B3DE-C809F8E36324}"
EndProject
Project("{2150E333-8FDC-42A3-9474-1A3956D46DE8}") = "1_demo", "1_demo", "{1E24121D-8172-475E-B31A-6C0EFBFDBD43}"
EndProject
Project("{2150E333-8FDC-42A3-9474-1A3956D46DE8}") = "examples", "examples", "{7581DD03-D260-4AEA-B966-30843F0AB93B}"
EndProject
Project("{8BC9CEB8-8B4A-11D0-8D11-00A0C91BC942}") = "decoder_example", "demo\examples\decoder_example.vcxproj", "{3CFD8D3C-5D69-47BF-9E96-BCD6AC473C8C}"
	ProjectSection(ProjectDependencies) = postProject
		{554C1615-6CD3-3678-8439-27F9963CC56F} = {554C1615-6CD3-3678-8439-27F9963CC56F}
		{C8BC3784-D513-3C6B-B3DE-C809F8E36324} = {C8BC3784-D513-3C6B-B3DE-C809F8E36324}
	EndProjectSection
EndProject
Project("{8BC9CEB8-8B4A-11D0-8D11-00A0C91BC942}") = "encoder_example", "demo\examples\encoder_example.vcxproj", "{1CFB084D-3EDF-4EAE-8335-5ADB55547D30}"
	ProjectSection(ProjectDependencies) = postProject
		{554C1615-6CD3-3678-8439-27F9963CC56F} = {554C1615-6CD3-3678-8439-27F9963CC56F}
		{C8BC3784-D513-3C6B-B3DE-C809F8E36324} = {C8BC3784-D513-3C6B-B3DE-C809F8E36324}
	EndProjectSection
EndProject
Project("{8BC9CEB8-8B4A-11D0-8D11-00A0C91BC942}") = "chaining_example", "demo\examples\chaining_example.vcxproj", "{E9C00266-4ADB-4F02-A685-2301D9ED2D5C}"
	ProjectSection(ProjectDependencies) = postProject
		{554C1615-6CD3-3678-8439-27F9963CC56F} = {554C1615-6CD3-3678-8439-27F9963CC56F}
		{C8BC3784-D513-3C6B-B3DE-C809F8E36324} = {C8BC3784-D513-3C6B-B3DE-C809F8E36324}
	EndProjectSection
EndProject
Project("{8BC9CEB8-8B4A-11D0-8D11-00A0C91BC942}") = "seeking_example", "demo\examples\seeking_example.vcxproj", "{30160556-C024-4561-B129-ECDD0674920C}"
EndProject
Project("{8BC9CEB8-8B4A-11D0-8D11-00A0C91BC942}") = "vorbisfile_example", "demo\examples\vorbisfile_example.vcxproj", "{67AA7928-629A-467A-8D8A-3EDE7F09FF24}"
EndProject
Project("{2150E333-8FDC-42A3-9474-1A3956D46DE8}") = "test", "test", "{A53EB651-B476-4EE1-A84A-A45FF0F9FF9D}"
EndProject
Project("{8BC9CEB8-8B4A-11D0-8D11-00A0C91BC942}") = "test", "demo\test\test.vcxproj", "{D6A1789E-242B-4802-AA10-87B333DAE69A}"
EndProject
Project("{8BC9CEB8-8B4A-11D0-8D11-00A0C91BC942}") = "libvorbis", "thirdparty\vorbis-1.3.7\libvorbis.vcxproj", "{D3651D5B-65D6-407A-80C1-66BB4326DD81}"
EndProject
Project("{2150E333-8FDC-42A3-9474-1A3956D46DE8}") = "0_lib", "0_lib", "{34AE27BE-0A58-401E-940C-86032B761F25}"
EndProject
Project("{2150E333-8FDC-42A3-9474-1A3956D46DE8}") = "1_dll", "1_dll", "{6EC118D8-5A5B-47FD-9E31-489816BC2CE9}"
EndProject
Global
	GlobalSection(SolutionConfigurationPlatforms) = preSolution
		Debug|x64 = Debug|x64
		Release|x64 = Release|x64
	EndGlobalSection
	GlobalSection(ProjectConfigurationPlatforms) = postSolution
		{554C1615-6CD3-3678-8439-27F9963CC56F}.Debug|x64.ActiveCfg = Debug|x64
		{554C1615-6CD3-3678-8439-27F9963CC56F}.Debug|x64.Build.0 = Debug|x64
		{554C1615-6CD3-3678-8439-27F9963CC56F}.Release|x64.ActiveCfg = Release|x64
		{554C1615-6CD3-3678-8439-27F9963CC56F}.Release|x64.Build.0 = Release|x64
		{C8BC3784-D513-3C6B-B3DE-C809F8E36324}.Debug|x64.ActiveCfg = Debug|x64
		{C8BC3784-D513-3C6B-B3DE-C809F8E36324}.Debug|x64.Build.0 = Debug|x64
		{C8BC3784-D513-3C6B-B3DE-C809F8E36324}.Release|x64.ActiveCfg = Release|x64
		{C8BC3784-D513-3C6B-B3DE-C809F8E36324}.Release|x64.Build.0 = Release|x64
		{3CFD8D3C-5D69-47BF-9E96-BCD6AC473C8C}.Debug|x64.ActiveCfg = Debug|x64
		{3CFD8D3C-5D69-47BF-9E96-BCD6AC473C8C}.Debug|x64.Build.0 = Debug|x64
		{3CFD8D3C-5D69-47BF-9E96-BCD6AC473C8C}.Release|x64.ActiveCfg = Release|x64
		{3CFD8D3C-5D69-47BF-9E96-BCD6AC473C8C}.Release|x64.Build.0 = Release|x64
		{1CFB084D-3EDF-4EAE-8335-5ADB55547D30}.Debug|x64.ActiveCfg = Debug|x64
		{1CFB084D-3EDF-4EAE-8335-5ADB55547D30}.Debug|x64.Build.0 = Debug|x64
		{1CFB084D-3EDF-4EAE-8335-5ADB55547D30}.Release|x64.ActiveCfg = Release|x64
		{1CFB084D-3EDF-4EAE-8335-5ADB55547D30}.Release|x64.Build.0 = Release|x64
		{E9C00266-4ADB-4F02-A685-2301D9ED2D5C}.Debug|x64.ActiveCfg = Debug|x64
		{E9C00266-4ADB-4F02-A685-2301D9ED2D5C}.Debug|x64.Build.0 = Debug|x64
		{E9C00266-4ADB-4F02-A685-2301D9ED2D5C}.Release|x64.ActiveCfg = Release|x64
		{E9C00266-4ADB-4F02-A685-2301D9ED2D5C}.Release|x64.Build.0 = Release|x64
		{30160556-C024-4561-B129-ECDD0674920C}.Debug|x64.ActiveCfg = Debug|x64
		{30160556-C024-4561-B129-ECDD0674920C}.Debug|x64.Build.0 = Debug|x64
		{30160556-C024-4561-B129-ECDD0674920C}.Release|x64.ActiveCfg = Release|x64
		{30160556-C024-4561-B129-ECDD0674920C}.Release|x64.Build.0 = Release|x64
		{67AA7928-629A-467A-8D8A-3EDE7F09FF24}.Debug|x64.ActiveCfg = Debug|x64
		{67AA7928-629A-467A-8D8A-3EDE7F09FF24}.Debug|x64.Build.0 = Debug|x64
		{67AA7928-629A-467A-8D8A-3EDE7F09FF24}.Release|x64.ActiveCfg = Release|x64
		{67AA7928-629A-467A-8D8A-3EDE7F09FF24}.Release|x64.Build.0 = Release|x64
		{D6A1789E-242B-4802-AA10-87B333DAE69A}.Debug|x64.ActiveCfg = Debug|x64
		{D6A1789E-242B-4802-AA10-87B333DAE69A}.Debug|x64.Build.0 = Debug|x64
		{D6A1789E-242B-4802-AA10-87B333DAE69A}.Release|x64.ActiveCfg = Release|x64
		{D6A1789E-242B-4802-AA10-87B333DAE69A}.Release|x64.Build.0 = Release|x64
		{D3651D5B-65D6-407A-80C1-66BB4326DD81}.Debug|x64.ActiveCfg = Debug|x64
		{D3651D5B-65D6-407A-80C1-66BB4326DD81}.Debug|x64.Build.0 = Debug|x64
		{D3651D5B-65D6-407A-80C1-66BB4326DD81}.Release|x64.ActiveCfg = Release|x64
		{D3651D5B-65D6-407A-80C1-66BB4326DD81}.Release|x64.Build.0 = Release|x64
	EndGlobalSection
	GlobalSection(SolutionProperties) = preSolution
		HideSolutionNode = FALSE
	EndGlobalSection
	GlobalSection(NestedProjects) = preSolution
		{554C1615-6CD3-3678-8439-27F9963CC56F} = {6EC118D8-5A5B-47FD-9E31-489816BC2CE9}
		{C8BC3784-D513-3C6B-B3DE-C809F8E36324} = {34AE27BE-0A58-401E-940C-86032B761F25}
		{7581DD03-D260-4AEA-B966-30843F0AB93B} = {1E24121D-8172-475E-B31A-6C0EFBFDBD43}
		{3CFD8D3C-5D69-47BF-9E96-BCD6AC473C8C} = {7581DD03-D260-4AEA-B966-30843F0AB93B}
		{1CFB084D-3EDF-4EAE-8335-5ADB55547D30} = {7581DD03-D260-4AEA-B966-30843F0AB93B}
		{E9C00266-4ADB-4F02-A685-2301D9ED2D5C} = {7581DD03-D260-4AEA-B966-30843F0AB93B}
		{30160556-C024-4561-B129-ECDD0674920C} = {7581DD03-D260-4AEA-B966-30843F0AB93B}
		{67AA7928-629A-467A-8D8A-3EDE7F09FF24} = {7581DD03-D260-4AEA-B966-30843F0AB93B}
		{A53EB651-B476-4EE1-A84A-A45FF0F9FF9D} = {1E24121D-8172-475E-B31A-6C0EFBFDBD43}
		{D6A1789E-242B-4802-AA10-87B333DAE69A} = {A53EB651-B476-4EE1-A84A-A45FF0F9FF9D}
		{D3651D5B-65D6-407A-80C1-66BB4326DD81} = {34AE27BE-0A58-401E-940C-86032B761F25}
		{34AE27BE-0A58-401E-940C-86032B761F25} = {38CB6FDE-3EBA-4762-AD3B-F1EABCC82FAC}
		{6EC118D8-5A5B-47FD-9E31-489816BC2CE9} = {38CB6FDE-3EBA-4762-AD3B-F1EABCC82FAC}
	EndGlobalSection
	GlobalSection(ExtensibilityGlobals) = postSolution
		SolutionGuid = {0A8CEE52-492A-4393-9DD8-1A14948800DE}
	EndGlobalSection
EndGlobal
